
Microsoft Visual Studio Solution File, Format Version 12.00
# Visual Studio Version 17
VisualStudioVersion = 17.4.33110.190
MinimumVisualStudioVersion = 10.0.40219.1
Project("{9A19103F-16F7-4668-BE54-9A1E7A4F7556}") = "Entity", "Entity\Entity.csproj", "{30BA81B7-777E-455D-B8B1-77007C56CF13}"
EndProject
Project("{9A19103F-16F7-4668-BE54-9A1E7A4F7556}") = "Abstract", "Abstract\Abstract.csproj", "{5DCC7DCC-51A4-4E8D-B983-34D2152CA07F}"
EndProject
Project("{9A19103F-16F7-4668-BE54-9A1E7A4F7556}") = "Concrate", "Concrate\Concrate.csproj", "{F4FCAD33-733D-4197-B558-6511334D4726}"
EndProject
Global
	GlobalSection(SolutionConfigurationPlatforms) = preSolution
		Debug|Any CPU = Debug|Any CPU
		Release|Any CPU = Release|Any CPU
	EndGlobalSection
	GlobalSection(ProjectConfigurationPlatforms) = postSolution
		{30BA81B7-777E-455D-B8B1-77007C56CF13}.Debug|Any CPU.ActiveCfg = Debug|Any CPU
		{30BA81B7-777E-455D-B8B1-77007C56CF13}.Debug|Any CPU.Build.0 = Debug|Any CPU
		{30BA81B7-777E-455D-B8B1-77007C56CF13}.Release|Any CPU.ActiveCfg = Release|Any CPU
		{30BA81B7-777E-455D-B8B1-77007C56CF13}.Release|Any CPU.Build.0 = Release|Any CPU
		{5DCC7DCC-51A4-4E8D-B983-34D2152CA07F}.Debug|Any CPU.ActiveCfg = Debug|Any CPU
		{5DCC7DCC-51A4-4E8D-B983-34D2152CA07F}.Debug|Any CPU.Build.0 = Debug|Any CPU
		{5DCC7DCC-51A4-4E8D-B983-34D2152CA07F}.Release|Any CPU.ActiveCfg = Release|Any CPU
		{5DCC7DCC-51A4-4E8D-B983-34D2152CA07F}.Release|Any CPU.Build.0 = Release|Any CPU
		{F4FCAD33-733D-4197-B558-6511334D4726}.Debug|Any CPU.ActiveCfg = Debug|Any CPU
		{F4FCAD33-733D-4197-B558-6511334D4726}.Debug|Any CPU.Build.0 = Debug|Any CPU
		{F4FCAD33-733D-4197-B558-6511334D4726}.Release|Any CPU.ActiveCfg = Release|Any CPU
		{F4FCAD33-733D-4197-B558-6511334D4726}.Release|Any CPU.Build.0 = Release|Any CPU
	EndGlobalSection
	GlobalSection(SolutionProperties) = preSolution
		HideSolutionNode = FALSE
	EndGlobalSection
	GlobalSection(ExtensibilityGlobals) = postSolution
		SolutionGuid = {771BA674-6760-47F3-8084-1B069865FF1F}
	EndGlobalSection
EndGlobal
